{
    "name": "@frsh-auth/rest-adaptor",
    "version": "0.0.0",
    "lockfileVersion": 3,
    "requires": true,
    "packages": {
        "": {
            "name": "@frsh-auth/rest-adaptor",
            "version": "0.0.0",
            "dependencies": {
                "tiny-async-pool": "^2.1.0"
            },
            "devDependencies": {
                "@frsh-auth/frsh": "^0.0.5",
                "typescript": "^5.4.5"
            },
            "peerDependencies": {
                "@frsh-auth/frsh": "0.0.5"
            }
        },
        "node_modules/@frsh-auth/frsh": {
            "version": "0.0.5",
            "resolved": "https://registry.npmjs.org/@frsh-auth/frsh/-/frsh-0.0.5.tgz",
            "integrity": "sha512-/Q988u3cwmwOVCkCM9OK2ataRYnBTyhoYJvxNz/qkiCz3kKkNNq/3X6PAioVqQGze1VZfcsxBLkiWZtbVltXFA==",
            "dev": true
        },
        "node_modules/tiny-async-pool": {
            "version": "2.1.0",
            "resolved": "https://registry.npmjs.org/tiny-async-pool/-/tiny-async-pool-2.1.0.tgz",
            "integrity": "sha512-ltAHPh/9k0STRQqaoUX52NH4ZQYAJz24ZAEwf1Zm+HYg3l9OXTWeqWKyYsHu40wF/F0rxd2N2bk5sLvX2qlSvg=="
        },
        "node_modules/typescript": {
            "version": "5.4.5",
            "resolved": "https://registry.npmjs.org/typescript/-/typescript-5.4.5.tgz",
            "integrity": "sha512-vcI4UpRgg81oIRUFwR0WSIHKt11nJ7SAVlYNIu+QpqeyXP+gpQJy/Z4+F0aGxSE4MqwjyXvW/TzgkLAx2AGHwQ==",
            "dev": true,
            "bin": {
                "tsc": "bin/tsc",
                "tsserver": "bin/tsserver"
            },
            "engines": {
                "node": ">=14.17"
            }
        }
    }
}
