{
    "name": "@frsh-auth/admin-adaptor",
    "version": "0.0.2",
    "lockfileVersion": 3,
    "requires": true,
    "packages": {
        "": {
            "name": "@frsh-auth/admin-adaptor",
            "version": "0.0.2",
            "devDependencies": {
                "@firebase/database-types": "^1.0.3",
                "@frsh-auth/frsh": "^0.0.6",
                "@types/node": "^20.12.12",
                "typescript": "^5.4.5"
            },
            "peerDependencies": {
                "@firebase/database-types": ">=1.0.3",
                "@frsh-auth/frsh": ">=0.0.6"
            }
        },
        "node_modules/@firebase/app-types": {
            "version": "0.9.2",
            "resolved": "https://registry.npmjs.org/@firebase/app-types/-/app-types-0.9.2.tgz",
            "integrity": "sha512-oMEZ1TDlBz479lmABwWsWjzHwheQKiAgnuKxE0pz0IXCVx7/rtlkx1fQ6GfgK24WCrxDKMplZrT50Kh04iMbXQ==",
            "dev": true
        },
        "node_modules/@firebase/database-types": {
            "version": "1.0.3",
            "resolved": "https://registry.npmjs.org/@firebase/database-types/-/database-types-1.0.3.tgz",
            "integrity": "sha512-39V/Riv2R3O/aUjYKh0xypj7NTNXNAK1bcgY5Kx+hdQPRS/aPTS8/5c0CGFYKgVuFbYlnlnhrCTYsh2uNhGwzA==",
            "dev": true,
            "dependencies": {
                "@firebase/app-types": "0.9.2",
                "@firebase/util": "1.9.6"
            }
        },
        "node_modules/@firebase/util": {
            "version": "1.9.6",
            "resolved": "https://registry.npmjs.org/@firebase/util/-/util-1.9.6.tgz",
            "integrity": "sha512-IBr1MZbp4d5MjBCXL3TW1dK/PDXX4yOGbiwRNh1oAbE/+ci5Uuvy9KIrsFYY80as1I0iOaD5oOMA9Q8j4TJWcw==",
            "dev": true,
            "dependencies": {
                "tslib": "^2.1.0"
            }
        },
        "node_modules/@frsh-auth/frsh": {
            "version": "0.0.6",
            "resolved": "https://registry.npmjs.org/@frsh-auth/frsh/-/frsh-0.0.6.tgz",
            "integrity": "sha512-81PsmHXvBSmwWgt+dX8iAlWxh/GMD0DbZYhRHt9tgA31YeuLxz0AOnW+9SSc838w8Ccx7egbmdoTOCdjBv3iLA==",
            "dev": true
        },
        "node_modules/@types/node": {
            "version": "20.12.12",
            "resolved": "https://registry.npmjs.org/@types/node/-/node-20.12.12.tgz",
            "integrity": "sha512-eWLDGF/FOSPtAvEqeRAQ4C8LSA7M1I7i0ky1I8U7kD1J5ITyW3AsRhQrKVoWf5pFKZ2kILsEGJhsI9r93PYnOw==",
            "dev": true,
            "dependencies": {
                "undici-types": "~5.26.4"
            }
        },
        "node_modules/tslib": {
            "version": "2.6.2",
            "resolved": "https://registry.npmjs.org/tslib/-/tslib-2.6.2.tgz",
            "integrity": "sha512-AEYxH93jGFPn/a2iVAwW87VuUIkR1FVUKB77NwMF7nBTDkDrrT/Hpt/IrCJ0QXhW27jTBDcf5ZY7w6RiqTMw2Q==",
            "dev": true
        },
        "node_modules/typescript": {
            "version": "5.4.5",
            "resolved": "https://registry.npmjs.org/typescript/-/typescript-5.4.5.tgz",
            "integrity": "sha512-vcI4UpRgg81oIRUFwR0WSIHKt11nJ7SAVlYNIu+QpqeyXP+gpQJy/Z4+F0aGxSE4MqwjyXvW/TzgkLAx2AGHwQ==",
            "dev": true,
            "bin": {
                "tsc": "bin/tsc",
                "tsserver": "bin/tsserver"
            },
            "engines": {
                "node": ">=14.17"
            }
        },
        "node_modules/undici-types": {
            "version": "5.26.5",
            "resolved": "https://registry.npmjs.org/undici-types/-/undici-types-5.26.5.tgz",
            "integrity": "sha512-JlCMO+ehdEIKqlFxk6IfVoAUVmgz7cU7zD/h9XZ0qzeosSHmUJVOzSQvvYSYWXkFXC+IfLKSIffhv0sVZup6pA==",
            "dev": true
        }
    }
}
